// !$*UTF8*$!
{
	archiveVersion = 1;
	classes = {
	};
	objectVersion = 46;
	objects = {

/* Begin PBXBuildFile section */
		D40BFEFA1E137491000377B5 /* AppDelegate.swift in Sources */ = {isa = PBXBuildFile; fileRef = D40BFEF91E137491000377B5 /* AppDelegate.swift */; };
		D40BFEFC1E137491000377B5 /* ViewController.swift in Sources */ = {isa = PBXBuildFile; fileRef = D40BFEFB1E137491000377B5 /* ViewController.swift */; };
		D40BFEFF1E137491000377B5 /* Main.storyboard in Resources */ = {isa = PBXBuildFile; fileRef = D40BFEFD1E137491000377B5 /* Main.storyboard */; };
		D40BFF011E137491000377B5 /* Assets.xcassets in Resources */ = {isa = PBXBuildFile; fileRef = D40BFF001E137491000377B5 /* Assets.xcassets */; };
		D40BFF041E137491000377B5 /* LaunchScreen.storyboard in Resources */ = {isa = PBXBuildFile; fileRef = D40BFF021E137491000377B5 /* LaunchScreen.storyboard */; };
		D40BFF0F1E137491000377B5 /* CameraSwiftRealTests.swift in Sources */ = {isa = PBXBuildFile; fileRef = D40BFF0E1E137491000377B5 /* CameraSwiftRealTests.swift */; };
		D40BFF1A1E137491000377B5 /* CameraSwiftRealUITests.swift in Sources */ = {isa = PBXBuildFile; fileRef = D40BFF191E137491000377B5 /* CameraSwiftRealUITests.swift */; };
		D40BFF661E13750A000377B5 /* AlbumViewController.swift in Sources */ = {isa = PBXBuildFile; fileRef = D40BFF651E13750A000377B5 /* AlbumViewController.swift */; };
		D40BFF681E13751A000377B5 /* SelectViewController.swift in Sources */ = {isa = PBXBuildFile; fileRef = D40BFF671E13751A000377B5 /* SelectViewController.swift */; };
		D45A0C701E14A07700C8057E /* CameraFrontViewController.swift in Sources */ = {isa = PBXBuildFile; fileRef = D45A0C6F1E14A07700C8057E /* CameraFrontViewController.swift */; };
		D45A0C761E14F04A00C8057E /* EditViewController.swift in Sources */ = {isa = PBXBuildFile; fileRef = D45A0C751E14F04A00C8057E /* EditViewController.swift */; };
		D45A0C791E14F0E300C8057E /* Social.framework in Frameworks */ = {isa = PBXBuildFile; fileRef = D45A0C781E14F0E300C8057E /* Social.framework */; };
		D45AA6861E87586A00E4DCA5 /* 10.png in Resources */ = {isa = PBXBuildFile; fileRef = D45AA6721E87586A00E4DCA5 /* 10.png */; };
		D45AA6871E87586A00E4DCA5 /* 11.png in Resources */ = {isa = PBXBuildFile; fileRef = D45AA6731E87586A00E4DCA5 /* 11.png */; };
		D45AA6881E87586A00E4DCA5 /* 12.png in Resources */ = {isa = PBXBuildFile; fileRef = D45AA6741E87586A00E4DCA5 /* 12.png */; };
		D45AA6891E87586A00E4DCA5 /* 16.png in Resources */ = {isa = PBXBuildFile; fileRef = D45AA6751E87586A00E4DCA5 /* 16.png */; };
		D45AA68A1E87586A00E4DCA5 /* 18.png in Resources */ = {isa = PBXBuildFile; fileRef = D45AA6761E87586A00E4DCA5 /* 18.png */; };
		D45AA68B1E87586A00E4DCA5 /* 20.png in Resources */ = {isa = PBXBuildFile; fileRef = D45AA6771E87586A00E4DCA5 /* 20.png */; };
		D45AA68C1E87586A00E4DCA5 /* 21.png in Resources */ = {isa = PBXBuildFile; fileRef = D45AA6781E87586A00E4DCA5 /* 21.png */; };
		D45AA68D1E87586A00E4DCA5 /* 24.png in Resources */ = {isa = PBXBuildFile; fileRef = D45AA6791E87586A00E4DCA5 /* 24.png */; };
		D45AA68E1E87586A00E4DCA5 /* 25.png in Resources */ = {isa = PBXBuildFile; fileRef = D45AA67A1E87586A00E4DCA5 /* 25.png */; };
		D45AA68F1E87586A00E4DCA5 /* 26.png in Resources */ = {isa = PBXBuildFile; fileRef = D45AA67B1E87586A00E4DCA5 /* 26.png */; };
		D45AA6911E87586A00E4DCA5 /* 5.png in Resources */ = {isa = PBXBuildFile; fileRef = D45AA67D1E87586A00E4DCA5 /* 5.png */; };
		D45AA6931E87586A00E4DCA5 /* 6'.png in Resources */ = {isa = PBXBuildFile; fileRef = D45AA67F1E87586A00E4DCA5 /* 6'.png */; };
		D45AA6941E87586A00E4DCA5 /* 7.png in Resources */ = {isa = PBXBuildFile; fileRef = D45AA6801E87586A00E4DCA5 /* 7.png */; };
		D45AA6951E87586A00E4DCA5 /* 8.png in Resources */ = {isa = PBXBuildFile; fileRef = D45AA6811E87586A00E4DCA5 /* 8.png */; };
		D45AA6961E87586A00E4DCA5 /* 9.png in Resources */ = {isa = PBXBuildFile; fileRef = D45AA6821E87586A00E4DCA5 /* 9.png */; };
		D45AA6971E87586A00E4DCA5 /* button.png in Resources */ = {isa = PBXBuildFile; fileRef = D45AA6831E87586A00E4DCA5 /* button.png */; };
		D45AA6981E87586A00E4DCA5 /* flipcamera.png in Resources */ = {isa = PBXBuildFile; fileRef = D45AA6841E87586A00E4DCA5 /* flipcamera.png */; };
		D45AA6991E87586A00E4DCA5 /* url-1.jpg in Resources */ = {isa = PBXBuildFile; fileRef = D45AA6851E87586A00E4DCA5 /* url-1.jpg */; };
		D45AA69B1E875BA000E4DCA5 /* 4'.png in Resources */ = {isa = PBXBuildFile; fileRef = D45AA69A1E875BA000E4DCA5 /* 4'.png */; };
/* End PBXBuildFile section */

/* Begin PBXContainerItemProxy section */
		D40BFF0B1E137491000377B5 /* PBXContainerItemProxy */ = {
			isa = PBXContainerItemProxy;
			containerPortal = D40BFEEE1E137491000377B5 /* Project object */;
			proxyType = 1;
			remoteGlobalIDString = D40BFEF51E137491000377B5;
			remoteInfo = CameraSwiftReal;
		};
		D40BFF161E137491000377B5 /* PBXContainerItemProxy */ = {
			isa = PBXContainerItemProxy;
			containerPortal = D40BFEEE1E137491000377B5 /* Project object */;
			proxyType = 1;
			remoteGlobalIDString = D40BFEF51E137491000377B5;
			remoteInfo = CameraSwiftReal;
		};
/* End PBXContainerItemProxy section */

/* Begin PBXFileReference section */
		D40BFEF61E137491000377B5 /* CameraSwiftReal.app */ = {isa = PBXFileReference; explicitFileType = wrapper.application; includeInIndex = 0; path = CameraSwiftReal.app; sourceTree = BUILT_PRODUCTS_DIR; };
		D40BFEF91E137491000377B5 /* AppDelegate.swift */ = {isa = PBXFileReference; lastKnownFileType = sourcecode.swift; path = AppDelegate.swift; sourceTree = "<group>"; };
		D40BFEFB1E137491000377B5 /* ViewController.swift */ = {isa = PBXFileReference; lastKnownFileType = sourcecode.swift; path = ViewController.swift; sourceTree = "<group>"; };
		D40BFEFE1E137491000377B5 /* Base */ = {isa = PBXFileReference; lastKnownFileType = file.storyboard; name = Base; path = Base.lproj/Main.storyboard; sourceTree = "<group>"; };
		D40BFF001E137491000377B5 /* Assets.xcassets */ = {isa = PBXFileReference; lastKnownFileType = folder.assetcatalog; path = Assets.xcassets; sourceTree = "<group>"; };
		D40BFF031E137491000377B5 /* Base */ = {isa = PBXFileReference; lastKnownFileType = file.storyboard; name = Base; path = Base.lproj/LaunchScreen.storyboard; sourceTree = "<group>"; };
		D40BFF051E137491000377B5 /* Info.plist */ = {isa = PBXFileReference; lastKnownFileType = text.plist.xml; path = Info.plist; sourceTree = "<group>"; };
		D40BFF0A1E137491000377B5 /* CameraSwiftRealTests.xctest */ = {isa = PBXFileReference; explicitFileType = wrapper.cfbundle; includeInIndex = 0; path = CameraSwiftRealTests.xctest; sourceTree = BUILT_PRODUCTS_DIR; };
		D40BFF0E1E137491000377B5 /* CameraSwiftRealTests.swift */ = {isa = PBXFileReference; lastKnownFileType = sourcecode.swift; path = CameraSwiftRealTests.swift; sourceTree = "<group>"; };
		D40BFF101E137491000377B5 /* Info.plist */ = {isa = PBXFileReference; lastKnownFileType = text.plist.xml; path = Info.plist; sourceTree = "<group>"; };
		D40BFF151E137491000377B5 /* CameraSwiftRealUITests.xctest */ = {isa = PBXFileReference; explicitFileType = wrapper.cfbundle; includeInIndex = 0; path = CameraSwiftRealUITests.xctest; sourceTree = BUILT_PRODUCTS_DIR; };
		D40BFF191E137491000377B5 /* CameraSwiftRealUITests.swift */ = {isa = PBXFileReference; lastKnownFileType = sourcecode.swift; path = CameraSwiftRealUITests.swift; sourceTree = "<group>"; };
		D40BFF1B1E137491000377B5 /* Info.plist */ = {isa = PBXFileReference; lastKnownFileType = text.plist.xml; path = Info.plist; sourceTree = "<group>"; };
		D40BFF651E13750A000377B5 /* AlbumViewController.swift */ = {isa = PBXFileReference; fileEncoding = 4; lastKnownFileType = sourcecode.swift; path = AlbumViewController.swift; sourceTree = "<group>"; };
		D40BFF671E13751A000377B5 /* SelectViewController.swift */ = {isa = PBXFileReference; fileEncoding = 4; lastKnownFileType = sourcecode.swift; path = SelectViewController.swift; sourceTree = "<group>"; };
		D45A0C6F1E14A07700C8057E /* CameraFrontViewController.swift */ = {isa = PBXFileReference; fileEncoding = 4; lastKnownFileType = sourcecode.swift; path = CameraFrontViewController.swift; sourceTree = "<group>"; };
		D45A0C751E14F04A00C8057E /* EditViewController.swift */ = {isa = PBXFileReference; fileEncoding = 4; lastKnownFileType = sourcecode.swift; path = EditViewController.swift; sourceTree = "<group>"; };
		D45A0C781E14F0E300C8057E /* Social.framework */ = {isa = PBXFileReference; lastKnownFileType = wrapper.framework; name = Social.framework; path = System/Library/Frameworks/Social.framework; sourceTree = SDKROOT; };
		D45AA6721E87586A00E4DCA5 /* 10.png */ = {isa = PBXFileReference; lastKnownFileType = image.png; path = 10.png; sourceTree = "<group>"; };
		D45AA6731E87586A00E4DCA5 /* 11.png */ = {isa = PBXFileReference; lastKnownFileType = image.png; path = 11.png; sourceTree = "<group>"; };
		D45AA6741E87586A00E4DCA5 /* 12.png */ = {isa = PBXFileReference; lastKnownFileType = image.png; path = 12.png; sourceTree = "<group>"; };
		D45AA6751E87586A00E4DCA5 /* 16.png */ = {isa = PBXFileReference; lastKnownFileType = image.png; path = 16.png; sourceTree = "<group>"; };
		D45AA6761E87586A00E4DCA5 /* 18.png */ = {isa = PBXFileReference; lastKnownFileType = image.png; path = 18.png; sourceTree = "<group>"; };
		D45AA6771E87586A00E4DCA5 /* 20.png */ = {isa = PBXFileReference; lastKnownFileType = image.png; path = 20.png; sourceTree = "<group>"; };
		D45AA6781E87586A00E4DCA5 /* 21.png */ = {isa = PBXFileReference; lastKnownFileType = image.png; path = 21.png; sourceTree = "<group>"; };
		D45AA6791E87586A00E4DCA5 /* 24.png */ = {isa = PBXFileReference; lastKnownFileType = image.png; path = 24.png; sourceTree = "<group>"; };
		D45AA67A1E87586A00E4DCA5 /* 25.png */ = {isa = PBXFileReference; lastKnownFileType = image.png; path = 25.png; sourceTree = "<group>"; };
		D45AA67B1E87586A00E4DCA5 /* 26.png */ = {isa = PBXFileReference; lastKnownFileType = image.png; path = 26.png; sourceTree = "<group>"; };
		D45AA67D1E87586A00E4DCA5 /* 5.png */ = {isa = PBXFileReference; lastKnownFileType = image.png; path = 5.png; sourceTree = "<group>"; };
		D45AA67F1E87586A00E4DCA5 /* 6'.png */ = {isa = PBXFileReference; lastKnownFileType = image.png; path = "6'.png"; sourceTree = "<group>"; };
		D45AA6801E87586A00E4DCA5 /* 7.png */ = {isa = PBXFileReference; lastKnownFileType = image.png; path = 7.png; sourceTree = "<group>"; };
		D45AA6811E87586A00E4DCA5 /* 8.png */ = {isa = PBXFileReference; lastKnownFileType = image.png; path = 8.png; sourceTree = "<group>"; };
		D45AA6821E87586A00E4DCA5 /* 9.png */ = {isa = PBXFileReference; lastKnownFileType = image.png; path = 9.png; sourceTree = "<group>"; };
		D45AA6831E87586A00E4DCA5 /* button.png */ = {isa = PBXFileReference; lastKnownFileType = image.png; path = button.png; sourceTree = "<group>"; };
		D45AA6841E87586A00E4DCA5 /* flipcamera.png */ = {isa = PBXFileReference; lastKnownFileType = image.png; path = flipcamera.png; sourceTree = "<group>"; };
		D45AA6851E87586A00E4DCA5 /* url-1.jpg */ = {isa = PBXFileReference; lastKnownFileType = image.jpeg; path = "url-1.jpg"; sourceTree = "<group>"; };
		D45AA69A1E875BA000E4DCA5 /* 4'.png */ = {isa = PBXFileReference; lastKnownFileType = image.png; path = "4'.png"; sourceTree = "<group>"; };
/* End PBXFileReference section */

/* Begin PBXFrameworksBuildPhase section */
		D40BFEF31E137491000377B5 /* Frameworks */ = {
			isa = PBXFrameworksBuildPhase;
			buildActionMask = 2147483647;
			files = (
				D45A0C791E14F0E300C8057E /* Social.framework in Frameworks */,
			);
			runOnlyForDeploymentPostprocessing = 0;
		};
		D40BFF071E137491000377B5 /* Frameworks */ = {
			isa = PBXFrameworksBuildPhase;
			buildActionMask = 2147483647;
			files = (
			);
			runOnlyForDeploymentPostprocessing = 0;
		};
		D40BFF121E137491000377B5 /* Frameworks */ = {
			isa = PBXFrameworksBuildPhase;
			buildActionMask = 2147483647;
			files = (
			);
			runOnlyForDeploymentPostprocessing = 0;
		};
/* End PBXFrameworksBuildPhase section */

/* Begin PBXGroup section */
		D40BFEED1E137491000377B5 = {
			isa = PBXGroup;
			children = (
				D40BFEF81E137491000377B5 /* CameraSwiftReal */,
				D40BFF0D1E137491000377B5 /* CameraSwiftRealTests */,
				D40BFF181E137491000377B5 /* CameraSwiftRealUITests */,
				D40BFEF71E137491000377B5 /* Products */,
				D45A0C771E14F0E300C8057E /* Frameworks */,
			);
			sourceTree = "<group>";
		};
		D40BFEF71E137491000377B5 /* Products */ = {
			isa = PBXGroup;
			children = (
				D40BFEF61E137491000377B5 /* CameraSwiftReal.app */,
				D40BFF0A1E137491000377B5 /* CameraSwiftRealTests.xctest */,
				D40BFF151E137491000377B5 /* CameraSwiftRealUITests.xctest */,
			);
			name = Products;
			sourceTree = "<group>";
		};
		D40BFEF81E137491000377B5 /* CameraSwiftReal */ = {
			isa = PBXGroup;
			children = (
				D40BFEF91E137491000377B5 /* AppDelegate.swift */,
				D40BFF651E13750A000377B5 /* AlbumViewController.swift */,
				D40BFF671E13751A000377B5 /* SelectViewController.swift */,
				D40BFEFB1E137491000377B5 /* ViewController.swift */,
				D45A0C6F1E14A07700C8057E /* CameraFrontViewController.swift */,
				D45A0C751E14F04A00C8057E /* EditViewController.swift */,
				D40BFEFD1E137491000377B5 /* Main.storyboard */,
				D40BFF001E137491000377B5 /* Assets.xcassets */,
				D40BFF021E137491000377B5 /* LaunchScreen.storyboard */,
				D40BFF051E137491000377B5 /* Info.plist */,
				D45AA6711E87586A00E4DCA5 /* images */,
			);
			path = CameraSwiftReal;
			sourceTree = "<group>";
		};
		D40BFF0D1E137491000377B5 /* CameraSwiftRealTests */ = {
			isa = PBXGroup;
			children = (
				D40BFF0E1E137491000377B5 /* CameraSwiftRealTests.swift */,
				D40BFF101E137491000377B5 /* Info.plist */,
			);
			path = CameraSwiftRealTests;
			sourceTree = "<group>";
		};
		D40BFF181E137491000377B5 /* CameraSwiftRealUITests */ = {
			isa = PBXGroup;
			children = (
				D40BFF191E137491000377B5 /* CameraSwiftRealUITests.swift */,
				D40BFF1B1E137491000377B5 /* Info.plist */,
			);
			path = CameraSwiftRealUITests;
			sourceTree = "<group>";
		};
		D45A0C771E14F0E300C8057E /* Frameworks */ = {
			isa = PBXGroup;
			children = (
				D45A0C781E14F0E300C8057E /* Social.framework */,
			);
			name = Frameworks;
			sourceTree = "<group>";
		};
		D45AA6711E87586A00E4DCA5 /* images */ = {
			isa = PBXGroup;
			children = (
				D45AA69A1E875BA000E4DCA5 /* 4'.png */,
				D45AA67D1E87586A00E4DCA5 /* 5.png */,
				D45AA67F1E87586A00E4DCA5 /* 6'.png */,
				D45AA6801E87586A00E4DCA5 /* 7.png */,
				D45AA6811E87586A00E4DCA5 /* 8.png */,
				D45AA6821E87586A00E4DCA5 /* 9.png */,
				D45AA6721E87586A00E4DCA5 /* 10.png */,
				D45AA6731E87586A00E4DCA5 /* 11.png */,
				D45AA6741E87586A00E4DCA5 /* 12.png */,
				D45AA6751E87586A00E4DCA5 /* 16.png */,
				D45AA6761E87586A00E4DCA5 /* 18.png */,
				D45AA6771E87586A00E4DCA5 /* 20.png */,
				D45AA6781E87586A00E4DCA5 /* 21.png */,
				D45AA6791E87586A00E4DCA5 /* 24.png */,
				D45AA67A1E87586A00E4DCA5 /* 25.png */,
				D45AA67B1E87586A00E4DCA5 /* 26.png */,
				D45AA6831E87586A00E4DCA5 /* button.png */,
				D45AA6841E87586A00E4DCA5 /* flipcamera.png */,
				D45AA6851E87586A00E4DCA5 /* url-1.jpg */,
			);
			path = images;
			sourceTree = "<group>";
		};
/* End PBXGroup section */

/* Begin PBXNativeTarget section */
		D40BFEF51E137491000377B5 /* CameraSwiftReal */ = {
			isa = PBXNativeTarget;
			buildConfigurationList = D40BFF1E1E137491000377B5 /* Build configuration list for PBXNativeTarget "CameraSwiftReal" */;
			buildPhases = (
				D40BFEF21E137491000377B5 /* Sources */,
				D40BFEF31E137491000377B5 /* Frameworks */,
				D40BFEF41E137491000377B5 /* Resources */,
			);
			buildRules = (
			);
			dependencies = (
			);
			name = CameraSwiftReal;
			productName = CameraSwiftReal;
			productReference = D40BFEF61E137491000377B5 /* CameraSwiftReal.app */;
			productType = "com.apple.product-type.application";
		};
		D40BFF091E137491000377B5 /* CameraSwiftRealTests */ = {
			isa = PBXNativeTarget;
			buildConfigurationList = D40BFF211E137491000377B5 /* Build configuration list for PBXNativeTarget "CameraSwiftRealTests" */;
			buildPhases = (
				D40BFF061E137491000377B5 /* Sources */,
				D40BFF071E137491000377B5 /* Frameworks */,
				D40BFF081E137491000377B5 /* Resources */,
			);
			buildRules = (
			);
			dependencies = (
				D40BFF0C1E137491000377B5 /* PBXTargetDependency */,
			);
			name = CameraSwiftRealTests;
			productName = CameraSwiftRealTests;
			productReference = D40BFF0A1E137491000377B5 /* CameraSwiftRealTests.xctest */;
			productType = "com.apple.product-type.bundle.unit-test";
		};
		D40BFF141E137491000377B5 /* CameraSwiftRealUITests */ = {
			isa = PBXNativeTarget;
			buildConfigurationList = D40BFF241E137491000377B5 /* Build configuration list for PBXNativeTarget "CameraSwiftRealUITests" */;
			buildPhases = (
				D40BFF111E137491000377B5 /* Sources */,
				D40BFF121E137491000377B5 /* Frameworks */,
				D40BFF131E137491000377B5 /* Resources */,
			);
			buildRules = (
			);
			dependencies = (
				D40BFF171E137491000377B5 /* PBXTargetDependency */,
			);
			name = CameraSwiftRealUITests;
			productName = CameraSwiftRealUITests;
			productReference = D40BFF151E137491000377B5 /* CameraSwiftRealUITests.xctest */;
			productType = "com.apple.product-type.bundle.ui-testing";
		};
/* End PBXNativeTarget section */

/* Begin PBXProject section */
		D40BFEEE1E137491000377B5 /* Project object */ = {
			isa = PBXProject;
			attributes = {
				LastSwiftUpdateCheck = 0820;
				LastUpgradeCheck = 0820;
				ORGANIZATIONNAME = JulieLee;
				TargetAttributes = {
					D40BFEF51E137491000377B5 = {
						CreatedOnToolsVersion = 8.2.1;
						DevelopmentTeam = CPAPXRNX7T;
						ProvisioningStyle = Automatic;
					};
					D40BFF091E137491000377B5 = {
						CreatedOnToolsVersion = 8.2.1;
						DevelopmentTeam = CPAPXRNX7T;
						ProvisioningStyle = Automatic;
						TestTargetID = D40BFEF51E137491000377B5;
					};
					D40BFF141E137491000377B5 = {
						CreatedOnToolsVersion = 8.2.1;
						DevelopmentTeam = CPAPXRNX7T;
						ProvisioningStyle = Automatic;
						TestTargetID = D40BFEF51E137491000377B5;
					};
				};
			};
			buildConfigurationList = D40BFEF11E137491000377B5 /* Build configuration list for PBXProject "CameraSwiftReal" */;
			compatibilityVersion = "Xcode 3.2";
			developmentRegion = English;
			hasScannedForEncodings = 0;
			knownRegions = (
				en,
				Base,
			);
			mainGroup = D40BFEED1E137491000377B5;
			productRefGroup = D40BFEF71E137491000377B5 /* Products */;
			projectDirPath = "";
			projectRoot = "";
			targets = (
				D40BFEF51E137491000377B5 /* CameraSwiftReal */,
				D40BFF091E137491000377B5 /* CameraSwiftRealTests */,
				D40BFF141E137491000377B5 /* CameraSwiftRealUITests */,
			);
		};
/* End PBXProject section */

/* Begin PBXResourcesBuildPhase section */
		D40BFEF41E137491000377B5 /* Resources */ = {
			isa = PBXResourcesBuildPhase;
			buildActionMask = 2147483647;
			files = (
				D45AA68F1E87586A00E4DCA5 /* 26.png in Resources */,
				D45AA6981E87586A00E4DCA5 /* flipcamera.png in Resources */,
				D45AA68C1E87586A00E4DCA5 /* 21.png in Resources */,
				D45AA68D1E87586A00E4DCA5 /* 24.png in Resources */,
				D45AA68B1E87586A00E4DCA5 /* 20.png in Resources */,
				D45AA6881E87586A00E4DCA5 /* 12.png in Resources */,
				D45AA69B1E875BA000E4DCA5 /* 4'.png in Resources */,
				D45AA68E1E87586A00E4DCA5 /* 25.png in Resources */,
				D45AA6971E87586A00E4DCA5 /* button.png in Resources */,
				D45AA6951E87586A00E4DCA5 /* 8.png in Resources */,
				D45AA6931E87586A00E4DCA5 /* 6'.png in Resources */,
				D45AA6911E87586A00E4DCA5 /* 5.png in Resources */,
				D45AA6941E87586A00E4DCA5 /* 7.png in Resources */,
				D45AA6991E87586A00E4DCA5 /* url-1.jpg in Resources */,
				D45AA6871E87586A00E4DCA5 /* 11.png in Resources */,
				D45AA68A1E87586A00E4DCA5 /* 18.png in Resources */,
				D45AA6961E87586A00E4DCA5 /* 9.png in Resources */,
				D40BFF041E137491000377B5 /* LaunchScreen.storyboard in Resources */,
				D40BFF011E137491000377B5 /* Assets.xcassets in Resources */,
				D45AA6891E87586A00E4DCA5 /* 16.png in Resources */,
				D45AA6861E87586A00E4DCA5 /* 10.png in Resources */,
				D40BFEFF1E137491000377B5 /* Main.storyboard in Resources */,
			);
			runOnlyForDeploymentPostprocessing = 0;
		};
		D40BFF081E137491000377B5 /* Resources */ = {
			isa = PBXResourcesBuildPhase;
			buildActionMask = 2147483647;
			files = (
			);
			runOnlyForDeploymentPostprocessing = 0;
		};
		D40BFF131E137491000377B5 /* Resources */ = {
			isa = PBXResourcesBuildPhase;
			buildActionMask = 2147483647;
			files = (
			);
			runOnlyForDeploymentPostprocessing = 0;
		};
/* End PBXResourcesBuildPhase section */

/* Begin PBXSourcesBuildPhase section */
		D40BFEF21E137491000377B5 /* Sources */ = {
			isa = PBXSourcesBuildPhase;
			buildActionMask = 2147483647;
			files = (
				D40BFF681E13751A000377B5 /* SelectViewController.swift in Sources */,
				D40BFF661E13750A000377B5 /* AlbumViewController.swift in Sources */,
				D45A0C761E14F04A00C8057E /* EditViewController.swift in Sources */,
				D45A0C701E14A07700C8057E /* CameraFrontViewController.swift in Sources */,
				D40BFEFC1E137491000377B5 /* ViewController.swift in Sources */,
				D40BFEFA1E137491000377B5 /* AppDelegate.swift in Sources */,
			);
			runOnlyForDeploymentPostprocessing = 0;
		};
		D40BFF061E137491000377B5 /* Sources */ = {
			isa = PBXSourcesBuildPhase;
			buildActionMask = 2147483647;
			files = (
				D40BFF0F1E137491000377B5 /* CameraSwiftRealTests.swift in Sources */,
			);
			runOnlyForDeploymentPostprocessing = 0;
		};
		D40BFF111E137491000377B5 /* Sources */ = {
			isa = PBXSourcesBuildPhase;
			buildActionMask = 2147483647;
			files = (
				D40BFF1A1E137491000377B5 /* CameraSwiftRealUITests.swift in Sources */,
			);
			runOnlyForDeploymentPostprocessing = 0;
		};
/* End PBXSourcesBuildPhase section */

/* Begin PBXTargetDependency section */
		D40BFF0C1E137491000377B5 /* PBXTargetDependency */ = {
			isa = PBXTargetDependency;
			target = D40BFEF51E137491000377B5 /* CameraSwiftReal */;
			targetProxy = D40BFF0B1E137491000377B5 /* PBXContainerItemProxy */;
		};
		D40BFF171E137491000377B5 /* PBXTargetDependency */ = {
			isa = PBXTargetDependency;
			target = D40BFEF51E137491000377B5 /* CameraSwiftReal */;
			targetProxy = D40BFF161E137491000377B5 /* PBXContainerItemProxy */;
		};
/* End PBXTargetDependency section */

/* Begin PBXVariantGroup section */
		D40BFEFD1E137491000377B5 /* Main.storyboard */ = {
			isa = PBXVariantGroup;
			children = (
				D40BFEFE1E137491000377B5 /* Base */,
			);
			name = Main.storyboard;
			sourceTree = "<group>";
		};
		D40BFF021E137491000377B5 /* LaunchScreen.storyboard */ = {
			isa = PBXVariantGroup;
			children = (
				D40BFF031E137491000377B5 /* Base */,
			);
			name = LaunchScreen.storyboard;
			sourceTree = "<group>";
		};
/* End PBXVariantGroup section */

/* Begin XCBuildConfiguration section */
		D40BFF1C1E137491000377B5 /* Debug */ = {
			isa = XCBuildConfiguration;
			buildSettings = {
				ALWAYS_SEARCH_USER_PATHS = NO;
				CLANG_ANALYZER_NONNULL = YES;
				CLANG_CXX_LANGUAGE_STANDARD = "gnu++0x";
				CLANG_CXX_LIBRARY = "libc++";
				CLANG_ENABLE_MODULES = YES;
				CLANG_ENABLE_OBJC_ARC = YES;
				CLANG_WARN_BOOL_CONVERSION = YES;
				CLANG_WARN_CONSTANT_CONVERSION = YES;
				CLANG_WARN_DIRECT_OBJC_ISA_USAGE = YES_ERROR;
				CLANG_WARN_DOCUMENTATION_COMMENTS = YES;
				CLANG_WARN_EMPTY_BODY = YES;
				CLANG_WARN_ENUM_CONVERSION = YES;
				CLANG_WARN_INFINITE_RECURSION = YES;
				CLANG_WARN_INT_CONVERSION = YES;
				CLANG_WARN_OBJC_ROOT_CLASS = YES_ERROR;
				CLANG_WARN_SUSPICIOUS_MOVE = YES;
				CLANG_WARN_UNREACHABLE_CODE = YES;
				CLANG_WARN__DUPLICATE_METHOD_MATCH = YES;
				"CODE_SIGN_IDENTITY[sdk=iphoneos*]" = "iPhone Developer";
				COPY_PHASE_STRIP = NO;
				DEBUG_INFORMATION_FORMAT = dwarf;
				ENABLE_STRICT_OBJC_MSGSEND = YES;
				ENABLE_TESTABILITY = YES;
				GCC_C_LANGUAGE_STANDARD = gnu99;
				GCC_DYNAMIC_NO_PIC = NO;
				GCC_NO_COMMON_BLOCKS = YES;
				GCC_OPTIMIZATION_LEVEL = 0;
				GCC_PREPROCESSOR_DEFINITIONS = (
					"DEBUG=1",
					"$(inherited)",
				);
				GCC_WARN_64_TO_32_BIT_CONVERSION = YES;
				GCC_WARN_ABOUT_RETURN_TYPE = YES_ERROR;
				GCC_WARN_UNDECLARED_SELECTOR = YES;
				GCC_WARN_UNINITIALIZED_AUTOS = YES_AGGRESSIVE;
				GCC_WARN_UNUSED_FUNCTION = YES;
				GCC_WARN_UNUSED_VARIABLE = YES;
				IPHONEOS_DEPLOYMENT_TARGET = 10.2;
				MTL_ENABLE_DEBUG_INFO = YES;
				ONLY_ACTIVE_ARCH = YES;
				SDKROOT = iphoneos;
				SWIFT_ACTIVE_COMPILATION_CONDITIONS = DEBUG;
				SWIFT_OPTIMIZATION_LEVEL = "-Onone";
			};
			name = Debug;
		};
		D40BFF1D1E137491000377B5 /* Release */ = {
			isa = XCBuildConfiguration;
			buildSettings = {
				ALWAYS_SEARCH_USER_PATHS = NO;
				CLANG_ANALYZER_NONNULL = YES;
				CLANG_CXX_LANGUAGE_STANDARD = "gnu++0x";
				CLANG_CXX_LIBRARY = "libc++";
				CLANG_ENABLE_MODULES = YES;
				CLANG_ENABLE_OBJC_ARC = YES;
				CLANG_WARN_BOOL_CONVERSION = YES;
				CLANG_WARN_CONSTANT_CONVERSION = YES;
				CLANG_WARN_DIRECT_OBJC_ISA_USAGE = YES_ERROR;
				CLANG_WARN_DOCUMENTATION_COMMENTS = YES;
				CLANG_WARN_EMPTY_BODY = YES;
				CLANG_WARN_ENUM_CONVERSION = YES;
				CLANG_WARN_INFINITE_RECURSION = YES;
				CLANG_WARN_INT_CONVERSION = YES;
				CLANG_WARN_OBJC_ROOT_CLASS = YES_ERROR;
				CLANG_WARN_SUSPICIOUS_MOVE = YES;
				CLANG_WARN_UNREACHABLE_CODE = YES;
				CLANG_WARN__DUPLICATE_METHOD_MATCH = YES;
				"CODE_SIGN_IDENTITY[sdk=iphoneos*]" = "iPhone Developer";
				COPY_PHASE_STRIP = NO;
				DEBUG_INFORMATION_FORMAT = "dwarf-with-dsym";
				ENABLE_NS_ASSERTIONS = NO;
				ENABLE_STRICT_OBJC_MSGSEND = YES;
				GCC_C_LANGUAGE_STANDARD = gnu99;
				GCC_NO_COMMON_BLOCKS = YES;
				GCC_WARN_64_TO_32_BIT_CONVERSION = YES;
				GCC_WARN_ABOUT_RETURN_TYPE = YES_ERROR;
				GCC_WARN_UNDECLARED_SELECTOR = YES;
				GCC_WARN_UNINITIALIZED_AUTOS = YES_AGGRESSIVE;
				GCC_WARN_UNUSED_FUNCTION = YES;
				GCC_WARN_UNUSED_VARIABLE = YES;
				IPHONEOS_DEPLOYMENT_TARGET = 10.2;
				MTL_ENABLE_DEBUG_INFO = NO;
				SDKROOT = iphoneos;
				SWIFT_OPTIMIZATION_LEVEL = "-Owholemodule";
				VALIDATE_PRODUCT = YES;
			};
			name = Release;
		};
		D40BFF1F1E137491000377B5 /* Debug */ = {
			isa = XCBuildConfiguration;
			buildSettings = {
				ASSETCATALOG_COMPILER_APPICON_NAME = AppIcon;
				DEVELOPMENT_TEAM = CPAPXRNX7T;
				INFOPLIST_FILE = CameraSwiftReal/Info.plist;
				LD_RUNPATH_SEARCH_PATHS = "$(inherited) @executable_path/Frameworks";
				PRODUCT_BUNDLE_IDENTIFIER = com.Julie.CameraSwiftReal;
				PRODUCT_NAME = "$(TARGET_NAME)";
				SWIFT_VERSION = 3.0;
			};
			name = Debug;
		};
		D40BFF201E137491000377B5 /* Release */ = {
			isa = XCBuildConfiguration;
			buildSettings = {
				ASSETCATALOG_COMPILER_APPICON_NAME = AppIcon;
				DEVELOPMENT_TEAM = CPAPXRNX7T;
				INFOPLIST_FILE = CameraSwiftReal/Info.plist;
				LD_RUNPATH_SEARCH_PATHS = "$(inherited) @executable_path/Frameworks";
				PRODUCT_BUNDLE_IDENTIFIER = com.Julie.CameraSwiftReal;
				PRODUCT_NAME = "$(TARGET_NAME)";
				SWIFT_VERSION = 3.0;
			};
			name = Release;
		};
		D40BFF221E137491000377B5 /* Debug */ = {
			isa = XCBuildConfiguration;
			buildSettings = {
				ALWAYS_EMBED_SWIFT_STANDARD_LIBRARIES = YES;
				BUNDLE_LOADER = "$(TEST_HOST)";
				DEVELOPMENT_TEAM = CPAPXRNX7T;
				INFOPLIST_FILE = CameraSwiftRealTests/Info.plist;
				LD_RUNPATH_SEARCH_PATHS = "$(inherited) @executable_path/Frameworks @loader_path/Frameworks";
				PRODUCT_BUNDLE_IDENTIFIER = com.Julie.CameraSwiftRealTests;
				PRODUCT_NAME = "$(TARGET_NAME)";
				SWIFT_VERSION = 3.0;
				TEST_HOST = "$(BUILT_PRODUCTS_DIR)/CameraSwiftReal.app/CameraSwiftReal";
			};
			name = Debug;
		};
		D40BFF231E137491000377B5 /* Release */ = {
			isa = XCBuildConfiguration;
			buildSettings = {
				ALWAYS_EMBED_SWIFT_STANDARD_LIBRARIES = YES;
				BUNDLE_LOADER = "$(TEST_HOST)";
				DEVELOPMENT_TEAM = CPAPXRNX7T;
				INFOPLIST_FILE = CameraSwiftRealTests/Info.plist;
				LD_RUNPATH_SEARCH_PATHS = "$(inherited) @executable_path/Frameworks @loader_path/Frameworks";
				PRODUCT_BUNDLE_IDENTIFIER = com.Julie.CameraSwiftRealTests;
				PRODUCT_NAME = "$(TARGET_NAME)";
				SWIFT_VERSION = 3.0;
				TEST_HOST = "$(BUILT_PRODUCTS_DIR)/CameraSwiftReal.app/CameraSwiftReal";
			};
			name = Release;
		};
		D40BFF251E137491000377B5 /* Debug */ = {
			isa = XCBuildConfiguration;
			buildSettings = {
				ALWAYS_EMBED_SWIFT_STANDARD_LIBRARIES = YES;
				DEVELOPMENT_TEAM = CPAPXRNX7T;
				INFOPLIST_FILE = CameraSwiftRealUITests/Info.plist;
				LD_RUNPATH_SEARCH_PATHS = "$(inherited) @executable_path/Frameworks @loader_path/Frameworks";
				PRODUCT_BUNDLE_IDENTIFIER = com.Julie.CameraSwiftRealUITests;
				PRODUCT_NAME = "$(TARGET_NAME)";
				SWIFT_VERSION = 3.0;
				TEST_TARGET_NAME = CameraSwiftReal;
			};
			name = Debug;
		};
		D40BFF261E137491000377B5 /* Release */ = {
			isa = XCBuildConfiguration;
			buildSettings = {
				ALWAYS_EMBED_SWIFT_STANDARD_LIBRARIES = YES;
				DEVELOPMENT_TEAM = CPAPXRNX7T;
				INFOPLIST_FILE = CameraSwiftRealUITests/Info.plist;
				LD_RUNPATH_SEARCH_PATHS = "$(inherited) @executable_path/Frameworks @loader_path/Frameworks";
				PRODUCT_BUNDLE_IDENTIFIER = com.Julie.CameraSwiftRealUITests;
				PRODUCT_NAME = "$(TARGET_NAME)";
				SWIFT_VERSION = 3.0;
				TEST_TARGET_NAME = CameraSwiftReal;
			};
			name = Release;
		};
/* End XCBuildConfiguration section */

/* Begin XCConfigurationList section */
		D40BFEF11E137491000377B5 /* Build configuration list for PBXProject "CameraSwiftReal" */ = {
			isa = XCConfigurationList;
			buildConfigurations = (
				D40BFF1C1E137491000377B5 /* Debug */,
				D40BFF1D1E137491000377B5 /* Release */,
			);
			defaultConfigurationIsVisible = 0;
			defaultConfigurationName = Release;
		};
		D40BFF1E1E137491000377B5 /* Build configuration list for PBXNativeTarget "CameraSwiftReal" */ = {
			isa = XCConfigurationList;
			buildConfigurations = (
				D40BFF1F1E137491000377B5 /* Debug */,
				D40BFF201E137491000377B5 /* Release */,
			);
			defaultConfigurationIsVisible = 0;
			defaultConfigurationName = Release;
		};
		D40BFF211E137491000377B5 /* Build configuration list for PBXNativeTarget "CameraSwiftRealTests" */ = {
			isa = XCConfigurationList;
			buildConfigurations = (
				D40BFF221E137491000377B5 /* Debug */,
				D40BFF231E137491000377B5 /* Release */,
			);
			defaultConfigurationIsVisible = 0;
			defaultConfigurationName = Release;
		};
		D40BFF241E137491000377B5 /* Build configuration list for PBXNativeTarget "CameraSwiftRealUITests" */ = {
			isa = XCConfigurationList;
			buildConfigurations = (
				D40BFF251E137491000377B5 /* Debug */,
				D40BFF261E137491000377B5 /* Release */,
			);
			defaultConfigurationIsVisible = 0;
			defaultConfigurationName = Release;
		};
/* End XCConfigurationList section */
	};
	rootObject = D40BFEEE1E137491000377B5 /* Project object */;
}
